
Microsoft Visual Studio Solution File, Format Version 12.00
Project("{FAE04EC0-301F-11D3-BF4B-00C04F79EFBC}") = "Dotnet-Identity-Server4-Implimentation", "Dotnet-Identity-Server4-Implimentation\Dotnet-Identity-Server4-Implimentation.csproj", "{510CEECB-4104-4D6A-8C48-3D465224DE8D}"
EndProject
Project("{FAE04EC0-301F-11D3-BF4B-00C04F79EFBC}") = "IdentityServer", "IdentityServer\IdentityServer.csproj", "{BC0C82C9-6C98-4909-A719-A6DACECD4D95}"
EndProject
Global
	GlobalSection(SolutionConfigurationPlatforms) = preSolution
		Debug|Any CPU = Debug|Any CPU
		Release|Any CPU = Release|Any CPU
	EndGlobalSection
	GlobalSection(ProjectConfigurationPlatforms) = postSolution
		{510CEECB-4104-4D6A-8C48-3D465224DE8D}.Debug|Any CPU.ActiveCfg = Debug|Any CPU
		{510CEECB-4104-4D6A-8C48-3D465224DE8D}.Debug|Any CPU.Build.0 = Debug|Any CPU
		{510CEECB-4104-4D6A-8C48-3D465224DE8D}.Release|Any CPU.ActiveCfg = Release|Any CPU
		{510CEECB-4104-4D6A-8C48-3D465224DE8D}.Release|Any CPU.Build.0 = Release|Any CPU
		{BC0C82C9-6C98-4909-A719-A6DACECD4D95}.Debug|Any CPU.ActiveCfg = Debug|Any CPU
		{BC0C82C9-6C98-4909-A719-A6DACECD4D95}.Debug|Any CPU.Build.0 = Debug|Any CPU
		{BC0C82C9-6C98-4909-A719-A6DACECD4D95}.Release|Any CPU.ActiveCfg = Release|Any CPU
		{BC0C82C9-6C98-4909-A719-A6DACECD4D95}.Release|Any CPU.Build.0 = Release|Any CPU
	EndGlobalSection
EndGlobal
